
Microsoft Visual Studio Solution File, Format Version 12.00
# Visual Studio Version 17
VisualStudioVersion = 17.6.33815.320
MinimumVisualStudioVersion = 10.0.40219.1
Project("{FAE04EC0-301F-11D3-BF4B-00C04F79EFBC}") = "Contacts.Api", "Contacts.Api.csproj", "{872E8186-7C5E-42A5-9B3E-568CCB5A8C85}"
EndProject
Global
	GlobalSection(SolutionConfigurationPlatforms) = preSolution
		Debug|Any CPU = Debug|Any CPU
		Release|Any CPU = Release|Any CPU
	EndGlobalSection
	GlobalSection(ProjectConfigurationPlatforms) = postSolution
		{872E8186-7C5E-42A5-9B3E-568CCB5A8C85}.Debug|Any CPU.ActiveCfg = Debug|Any CPU
		{872E8186-7C5E-42A5-9B3E-568CCB5A8C85}.Debug|Any CPU.Build.0 = Debug|Any CPU
		{872E8186-7C5E-42A5-9B3E-568CCB5A8C85}.Release|Any CPU.ActiveCfg = Release|Any CPU
		{872E8186-7C5E-42A5-9B3E-568CCB5A8C85}.Release|Any CPU.Build.0 = Release|Any CPU
	EndGlobalSection
	GlobalSection(SolutionProperties) = preSolution
		HideSolutionNode = FALSE
	EndGlobalSection
	GlobalSection(ExtensibilityGlobals) = postSolution
		SolutionGuid = {472A91F3-0938-43B9-B9B1-BD0ABA5426E8}
	EndGlobalSection
EndGlobal
